
Microsoft Visual Studio Solution File, Format Version 10.00
# Visual Studio 2008
Project("{8BC9CEB8-8B4A-11D0-8D11-00A0C91BC942}") = "SpuerPig", "SuperPig.vcproj", "{C7779FB7-6C39-4161-ADCA-8DAA87D89C26}"
	ProjectSection(ProjectDependencies) = postProject
		{3D2DF582-560E-481D-A58F-9BDC0C1E8835} = {3D2DF582-560E-481D-A58F-9BDC0C1E8835}
		{B53219CB-AADD-4EDF-9F2C-32AF4711EA9E} = {B53219CB-AADD-4EDF-9F2C-32AF4711EA9E}
	EndProjectSection
EndProject
Project("{2150E333-8FDC-42A3-9474-1A3956D46DE8}") = "Project", "Project", "{A0DE05DB-4C70-4F07-9E64-CE310765EA40}"
EndProject
Project("{8BC9CEB8-8B4A-11D0-8D11-00A0C91BC942}") = "tolua++lib", "project\tolua++lib\tolua++lib\tolua++lib.vcproj", "{3D2DF582-560E-481D-A58F-9BDC0C1E8835}"
EndProject
Project("{8BC9CEB8-8B4A-11D0-8D11-00A0C91BC942}") = "tolua++exe", "project\tolua++exe\tolua++exe\tolua++exe.vcproj", "{B53219CB-AADD-4EDF-9F2C-32AF4711EA9E}"
	ProjectSection(ProjectDependencies) = postProject
		{3D2DF582-560E-481D-A58F-9BDC0C1E8835} = {3D2DF582-560E-481D-A58F-9BDC0C1E8835}
	EndProjectSection
EndProject
Global
	GlobalSection(SolutionConfigurationPlatforms) = preSolution
		Debug|Win32 = Debug|Win32
		Release|Win32 = Release|Win32
	EndGlobalSection
	GlobalSection(ProjectConfigurationPlatforms) = postSolution
		{C7779FB7-6C39-4161-ADCA-8DAA87D89C26}.Debug|Win32.ActiveCfg = Debug|Win32
		{C7779FB7-6C39-4161-ADCA-8DAA87D89C26}.Debug|Win32.Build.0 = Debug|Win32
		{C7779FB7-6C39-4161-ADCA-8DAA87D89C26}.Release|Win32.ActiveCfg = Release|Win32
		{C7779FB7-6C39-4161-ADCA-8DAA87D89C26}.Release|Win32.Build.0 = Release|Win32
		{3D2DF582-560E-481D-A58F-9BDC0C1E8835}.Debug|Win32.ActiveCfg = Debug|Win32
		{3D2DF582-560E-481D-A58F-9BDC0C1E8835}.Debug|Win32.Build.0 = Debug|Win32
		{3D2DF582-560E-481D-A58F-9BDC0C1E8835}.Release|Win32.ActiveCfg = Release|Win32
		{3D2DF582-560E-481D-A58F-9BDC0C1E8835}.Release|Win32.Build.0 = Release|Win32
		{B53219CB-AADD-4EDF-9F2C-32AF4711EA9E}.Debug|Win32.ActiveCfg = Debug|Win32
		{B53219CB-AADD-4EDF-9F2C-32AF4711EA9E}.Debug|Win32.Build.0 = Debug|Win32
		{B53219CB-AADD-4EDF-9F2C-32AF4711EA9E}.Release|Win32.ActiveCfg = Release|Win32
		{B53219CB-AADD-4EDF-9F2C-32AF4711EA9E}.Release|Win32.Build.0 = Release|Win32
	EndGlobalSection
	GlobalSection(SolutionProperties) = preSolution
		HideSolutionNode = FALSE
	EndGlobalSection
	GlobalSection(NestedProjects) = preSolution
		{3D2DF582-560E-481D-A58F-9BDC0C1E8835} = {A0DE05DB-4C70-4F07-9E64-CE310765EA40}
		{B53219CB-AADD-4EDF-9F2C-32AF4711EA9E} = {A0DE05DB-4C70-4F07-9E64-CE310765EA40}
	EndGlobalSection
EndGlobal
